# This file is automatically @generated by Cargo.
# It is not intended for manual editing.
[[package]]
name = "memchr"
version = "2.3.4"
source = "registry+https://github.com/rust-lang/crates.io-index"
checksum = "0ee1c47aaa256ecabcaea351eae4a9b01ef39ed810004e298d2511ed284b1525"

[[package]]
name = "mpd-node-parser"
version = "0.1.0"
dependencies = [
 "quick-xml",
]

[[package]]
name = "quick-xml"
version = "0.21.0"
source = "registry+https://github.com/rust-lang/crates.io-index"
checksum = "0452695941410a58c8ce4391707ba9bad26a247173bd9886a05a5e8a8babec75"
dependencies = [
 "memchr",
]
