# This file is automatically @generated by Cargo.
# It is not intended for manual editing.
version = 3

[[package]]
name = "memchr"
version = "2.3.4"
source = "registry+https://github.com/rust-lang/crates.io-index"
checksum = "0ee1c47aaa256ecabcaea351eae4a9b01ef39ed810004e298d2511ed284b1525"

[[package]]
name = "mpd-node-parser"
version = "0.1.0"
dependencies = [
 "quick-xml",
]

[[package]]
name = "quick-xml"
version = "0.22.0"
source = "git+https://github.com/peaBerberian/quick-xml?branch=continue-on-eof#9a758fcd4dd14200f72e3a084c87b16df826674c"
dependencies = [
 "memchr",
]
